
Microsoft Visual Studio Solution File, Format Version 12.00
# Visual Studio Version 17
VisualStudioVersion = 17.9.34723.18
MinimumVisualStudioVersion = 10.0.40219.1
Project("{FAE04EC0-301F-11D3-BF4B-00C04F79EFBC}") = "MongoDBGenericRepositoryExampleProject", "MongoDBGenericRepositoryExampleProject\MongoDBGenericRepositoryExampleProject.csproj", "{B67658C7-CBEA-4138-A754-29CE302D92EF}"
EndProject
Global
	GlobalSection(SolutionConfigurationPlatforms) = preSolution
		Debug|Any CPU = Debug|Any CPU
		Release|Any CPU = Release|Any CPU
	EndGlobalSection
	GlobalSection(ProjectConfigurationPlatforms) = postSolution
		{B67658C7-CBEA-4138-A754-29CE302D92EF}.Debug|Any CPU.ActiveCfg = Debug|Any CPU
		{B67658C7-CBEA-4138-A754-29CE302D92EF}.Debug|Any CPU.Build.0 = Debug|Any CPU
		{B67658C7-CBEA-4138-A754-29CE302D92EF}.Release|Any CPU.ActiveCfg = Release|Any CPU
		{B67658C7-CBEA-4138-A754-29CE302D92EF}.Release|Any CPU.Build.0 = Release|Any CPU
	EndGlobalSection
	GlobalSection(SolutionProperties) = preSolution
		HideSolutionNode = FALSE
	EndGlobalSection
	GlobalSection(ExtensibilityGlobals) = postSolution
		SolutionGuid = {1EE56F15-950F-4733-8577-029A4236F4D4}
	EndGlobalSection
EndGlobal
